
Microsoft Visual Studio Solution File, Format Version 12.00
# Visual Studio Version 17
VisualStudioVersion = 17.14.36811.4 d17.14
MinimumVisualStudioVersion = 10.0.40219.1
Project("{FAE04EC0-301F-11D3-BF4B-00C04F79EFBC}") = "StatsViewerClient", "StatsViewerClient\StatsViewerClient.csproj", "{AB8D4753-5D57-480B-B289-89346CC39214}"
EndProject
Global
	GlobalSection(SolutionConfigurationPlatforms) = preSolution
		Debug|Any CPU = Debug|Any CPU
		Release|Any CPU = Release|Any CPU
	EndGlobalSection
	GlobalSection(ProjectConfigurationPlatforms) = postSolution
		{AB8D4753-5D57-480B-B289-89346CC39214}.Debug|Any CPU.ActiveCfg = Debug|Any CPU
		{AB8D4753-5D57-480B-B289-89346CC39214}.Debug|Any CPU.Build.0 = Debug|Any CPU
		{AB8D4753-5D57-480B-B289-89346CC39214}.Release|Any CPU.ActiveCfg = Release|Any CPU
		{AB8D4753-5D57-480B-B289-89346CC39214}.Release|Any CPU.Build.0 = Release|Any CPU
	EndGlobalSection
	GlobalSection(SolutionProperties) = preSolution
		HideSolutionNode = FALSE
	EndGlobalSection
	GlobalSection(ExtensibilityGlobals) = postSolution
		SolutionGuid = {2EC6F3D8-61BB-4518-950E-0BF6F1AB6969}
	EndGlobalSection
EndGlobal
